
Microsoft Visual Studio Solution File, Format Version 12.00
# Visual Studio Version 17
VisualStudioVersion = 17.9.34616.47
MinimumVisualStudioVersion = 10.0.40219.1
Project("{FAE04EC0-301F-11D3-BF4B-00C04F79EFBC}") = "LoginAuthentication", "LoginAuthentication.csproj", "{BA0FA154-659F-4256-87FB-1916874739DB}"
EndProject
Global
	GlobalSection(SolutionConfigurationPlatforms) = preSolution
		Debug|Any CPU = Debug|Any CPU
		Release|Any CPU = Release|Any CPU
	EndGlobalSection
	GlobalSection(ProjectConfigurationPlatforms) = postSolution
		{BA0FA154-659F-4256-87FB-1916874739DB}.Debug|Any CPU.ActiveCfg = Debug|Any CPU
		{BA0FA154-659F-4256-87FB-1916874739DB}.Debug|Any CPU.Build.0 = Debug|Any CPU
		{BA0FA154-659F-4256-87FB-1916874739DB}.Release|Any CPU.ActiveCfg = Release|Any CPU
		{BA0FA154-659F-4256-87FB-1916874739DB}.Release|Any CPU.Build.0 = Release|Any CPU
	EndGlobalSection
	GlobalSection(SolutionProperties) = preSolution
		HideSolutionNode = FALSE
	EndGlobalSection
	GlobalSection(ExtensibilityGlobals) = postSolution
		SolutionGuid = {FF91C250-7A69-4B9D-9A13-E6952A4BE694}
	EndGlobalSection
EndGlobal
